
Microsoft Visual Studio Solution File, Format Version 12.00
# Visual Studio Version 16
VisualStudioVersion = 16.0.30717.126
MinimumVisualStudioVersion = 10.0.40219.1
Project("{9A19103F-16F7-4668-BE54-9A1E7A4F7556}") = "URIScheme", "URIScheme\URIScheme.csproj", "{62A58182-D740-442D-9949-08A2AB5EB832}"
EndProject
Project("{FAE04EC0-301F-11D3-BF4B-00C04F79EFBC}") = "UnitTest", "UnitTest\UnitTest.csproj", "{5269965C-4CC6-48F4-A49D-541D4EA4E12D}"
EndProject
Global
	GlobalSection(SolutionConfigurationPlatforms) = preSolution
		Debug|Any CPU = Debug|Any CPU
		Release|Any CPU = Release|Any CPU
	EndGlobalSection
	GlobalSection(ProjectConfigurationPlatforms) = postSolution
		{62A58182-D740-442D-9949-08A2AB5EB832}.Debug|Any CPU.ActiveCfg = Debug|Any CPU
		{62A58182-D740-442D-9949-08A2AB5EB832}.Debug|Any CPU.Build.0 = Debug|Any CPU
		{62A58182-D740-442D-9949-08A2AB5EB832}.Release|Any CPU.ActiveCfg = Release|Any CPU
		{62A58182-D740-442D-9949-08A2AB5EB832}.Release|Any CPU.Build.0 = Release|Any CPU
		{5269965C-4CC6-48F4-A49D-541D4EA4E12D}.Debug|Any CPU.ActiveCfg = Debug|Any CPU
		{5269965C-4CC6-48F4-A49D-541D4EA4E12D}.Debug|Any CPU.Build.0 = Debug|Any CPU
		{5269965C-4CC6-48F4-A49D-541D4EA4E12D}.Release|Any CPU.ActiveCfg = Release|Any CPU
		{5269965C-4CC6-48F4-A49D-541D4EA4E12D}.Release|Any CPU.Build.0 = Release|Any CPU
	EndGlobalSection
	GlobalSection(SolutionProperties) = preSolution
		HideSolutionNode = FALSE
	EndGlobalSection
	GlobalSection(ExtensibilityGlobals) = postSolution
		SolutionGuid = {3401A69F-93F7-4AE7-B892-0B6DA581094B}
	EndGlobalSection
EndGlobal
